
Microsoft Visual Studio Solution File, Format Version 12.00
# Visual Studio Version 16
VisualStudioVersion = 16.0.33927.289
MinimumVisualStudioVersion = 10.0.40219.1
Project("{8BC9CEB8-8B4A-11D0-8D11-00A0C91BC942}") = "EchoOwnTools", "EchoOwnTools.vcxproj", "{AFD5472D-F81F-43D3-885E-B660EAB19F2A}"
EndProject
Project("{2150E333-8FDC-42A3-9474-1A3956D46DE8}") = "工具", "工具", "{1CAFDA14-18AD-48D1-88FD-B0621FDFCF52}"
EndProject
Project("{8BC9CEB8-8B4A-11D0-8D11-00A0C91BC942}") = "TemplateMatch", "TemplateMatch\TemplateMatch\TemplateMatch.vcxproj", "{A7343148-482B-4674-9C84-E2EE5E40E480}"
EndProject
Global
	GlobalSection(SolutionConfigurationPlatforms) = preSolution
		Debug|x64 = Debug|x64
		Release|x64 = Release|x64
	EndGlobalSection
	GlobalSection(ProjectConfigurationPlatforms) = postSolution
		{AFD5472D-F81F-43D3-885E-B660EAB19F2A}.Debug|x64.ActiveCfg = Debug|x64
		{AFD5472D-F81F-43D3-885E-B660EAB19F2A}.Debug|x64.Build.0 = Debug|x64
		{AFD5472D-F81F-43D3-885E-B660EAB19F2A}.Release|x64.ActiveCfg = Release|x64
		{AFD5472D-F81F-43D3-885E-B660EAB19F2A}.Release|x64.Build.0 = Release|x64
		{A7343148-482B-4674-9C84-E2EE5E40E480}.Debug|x64.ActiveCfg = Debug|x64
		{A7343148-482B-4674-9C84-E2EE5E40E480}.Debug|x64.Build.0 = Debug|x64
		{A7343148-482B-4674-9C84-E2EE5E40E480}.Release|x64.ActiveCfg = Release|x64
		{A7343148-482B-4674-9C84-E2EE5E40E480}.Release|x64.Build.0 = Release|x64
	EndGlobalSection
	GlobalSection(SolutionProperties) = preSolution
		HideSolutionNode = FALSE
	EndGlobalSection
	GlobalSection(NestedProjects) = preSolution
		{A7343148-482B-4674-9C84-E2EE5E40E480} = {1CAFDA14-18AD-48D1-88FD-B0621FDFCF52}
	EndGlobalSection
	GlobalSection(ExtensibilityGlobals) = postSolution
		SolutionGuid = {A12403AF-A1C3-4F17-BC88-FA19365149F2}
	EndGlobalSection
EndGlobal
